// !$*UTF8*$!
{
	archiveVersion = 1;
	classes = {
	};
	objectVersion = 46;
	objects = {

/* Begin PBXBuildFile section */
		69ADF5B41C55793300A7D4BC /* AppDelegate.swift in Sources */ = {isa = PBXBuildFile; fileRef = 69ADF5B31C55793300A7D4BC /* AppDelegate.swift */; };
		69ADF5BB1C55793300A7D4BC /* Assets.xcassets in Resources */ = {isa = PBXBuildFile; fileRef = 69ADF5BA1C55793300A7D4BC /* Assets.xcassets */; };
		69ADF5BE1C55793300A7D4BC /* LaunchScreen.storyboard in Resources */ = {isa = PBXBuildFile; fileRef = 69ADF5BC1C55793300A7D4BC /* LaunchScreen.storyboard */; };
		69ADF5E61C5579B200A7D4BC /* MainViewController.swift in Sources */ = {isa = PBXBuildFile; fileRef = 69ADF5E41C5579B200A7D4BC /* MainViewController.swift */; };
		69ADF5E71C5579B200A7D4BC /* MainViewController.xib in Resources */ = {isa = PBXBuildFile; fileRef = 69ADF5E51C5579B200A7D4BC /* MainViewController.xib */; };
		69C26E4A1D940A53005CE3ED /* StringExtensionClipboard.swift in Sources */ = {isa = PBXBuildFile; fileRef = 69C26E441D940A53005CE3ED /* StringExtensionClipboard.swift */; };
		69C26E4B1D940A53005CE3ED /* UITextFieldExtensionClipboard.swift in Sources */ = {isa = PBXBuildFile; fileRef = 69C26E471D940A53005CE3ED /* UITextFieldExtensionClipboard.swift */; };
		69C26E4C1D940A53005CE3ED /* UITextViewExtensionClipboard.swift in Sources */ = {isa = PBXBuildFile; fileRef = 69C26E491D940A53005CE3ED /* UITextViewExtensionClipboard.swift */; };
		69F98AA41FA65AD70028392A /* StringClipboardReader.swift in Sources */ = {isa = PBXBuildFile; fileRef = 69F98AA11FA65AD60028392A /* StringClipboardReader.swift */; };
		69F98AA51FA65AD70028392A /* ClipboardWriter.swift in Sources */ = {isa = PBXBuildFile; fileRef = 69F98AA31FA65AD60028392A /* ClipboardWriter.swift */; };
/* End PBXBuildFile section */

/* Begin PBXFileReference section */
		69ADF5B01C55793300A7D4BC /* BaggageDemo.app */ = {isa = PBXFileReference; explicitFileType = wrapper.application; includeInIndex = 0; path = BaggageDemo.app; sourceTree = BUILT_PRODUCTS_DIR; };
		69ADF5B31C55793300A7D4BC /* AppDelegate.swift */ = {isa = PBXFileReference; lastKnownFileType = sourcecode.swift; path = AppDelegate.swift; sourceTree = "<group>"; };
		69ADF5BA1C55793300A7D4BC /* Assets.xcassets */ = {isa = PBXFileReference; lastKnownFileType = folder.assetcatalog; path = Assets.xcassets; sourceTree = "<group>"; };
		69ADF5BD1C55793300A7D4BC /* Base */ = {isa = PBXFileReference; lastKnownFileType = file.storyboard; name = Base; path = Base.lproj/LaunchScreen.storyboard; sourceTree = "<group>"; };
		69ADF5BF1C55793300A7D4BC /* Info.plist */ = {isa = PBXFileReference; lastKnownFileType = text.plist.xml; path = Info.plist; sourceTree = "<group>"; };
		69ADF5E41C5579B200A7D4BC /* MainViewController.swift */ = {isa = PBXFileReference; fileEncoding = 4; lastKnownFileType = sourcecode.swift; path = MainViewController.swift; sourceTree = "<group>"; };
		69ADF5E51C5579B200A7D4BC /* MainViewController.xib */ = {isa = PBXFileReference; fileEncoding = 4; lastKnownFileType = file.xib; path = MainViewController.xib; sourceTree = "<group>"; };
		69C26E441D940A53005CE3ED /* StringExtensionClipboard.swift */ = {isa = PBXFileReference; fileEncoding = 4; lastKnownFileType = sourcecode.swift; path = StringExtensionClipboard.swift; sourceTree = "<group>"; };
		69C26E471D940A53005CE3ED /* UITextFieldExtensionClipboard.swift */ = {isa = PBXFileReference; fileEncoding = 4; lastKnownFileType = sourcecode.swift; path = UITextFieldExtensionClipboard.swift; sourceTree = "<group>"; };
		69C26E491D940A53005CE3ED /* UITextViewExtensionClipboard.swift */ = {isa = PBXFileReference; fileEncoding = 4; lastKnownFileType = sourcecode.swift; path = UITextViewExtensionClipboard.swift; sourceTree = "<group>"; };
		69F98AA11FA65AD60028392A /* StringClipboardReader.swift */ = {isa = PBXFileReference; fileEncoding = 4; lastKnownFileType = sourcecode.swift; path = StringClipboardReader.swift; sourceTree = "<group>"; };
		69F98AA31FA65AD60028392A /* ClipboardWriter.swift */ = {isa = PBXFileReference; fileEncoding = 4; lastKnownFileType = sourcecode.swift; path = ClipboardWriter.swift; sourceTree = "<group>"; };
/* End PBXFileReference section */

/* Begin PBXFrameworksBuildPhase section */
		69ADF5AD1C55793300A7D4BC /* Frameworks */ = {
			isa = PBXFrameworksBuildPhase;
			buildActionMask = 2147483647;
			files = (
			);
			runOnlyForDeploymentPostprocessing = 0;
		};
/* End PBXFrameworksBuildPhase section */

/* Begin PBXGroup section */
		69ADF5A71C55793300A7D4BC = {
			isa = PBXGroup;
			children = (
				69ADF5B21C55793300A7D4BC /* BaggageDemo */,
				69ADF5B11C55793300A7D4BC /* Products */,
			);
			sourceTree = "<group>";
		};
		69ADF5B11C55793300A7D4BC /* Products */ = {
			isa = PBXGroup;
			children = (
				69ADF5B01C55793300A7D4BC /* BaggageDemo.app */,
			);
			name = Products;
			sourceTree = "<group>";
		};
		69ADF5B21C55793300A7D4BC /* BaggageDemo */ = {
			isa = PBXGroup;
			children = (
				69ADF5E11C5579A800A7D4BC /* Flows */,
				69ADF5E81C557B1D00A7D4BC /* Libraries */,
				69ADF5B31C55793300A7D4BC /* AppDelegate.swift */,
				69ADF5BA1C55793300A7D4BC /* Assets.xcassets */,
				69ADF5BC1C55793300A7D4BC /* LaunchScreen.storyboard */,
				69ADF5BF1C55793300A7D4BC /* Info.plist */,
			);
			path = BaggageDemo;
			sourceTree = "<group>";
		};
		69ADF5E11C5579A800A7D4BC /* Flows */ = {
			isa = PBXGroup;
			children = (
				69ADF5E21C5579A800A7D4BC /* Main */,
			);
			path = Flows;
			sourceTree = "<group>";
		};
		69ADF5E21C5579A800A7D4BC /* Main */ = {
			isa = PBXGroup;
			children = (
				69ADF5E31C5579A800A7D4BC /* MainViewController */,
			);
			path = Main;
			sourceTree = "<group>";
		};
		69ADF5E31C5579A800A7D4BC /* MainViewController */ = {
			isa = PBXGroup;
			children = (
				69ADF5E41C5579B200A7D4BC /* MainViewController.swift */,
				69ADF5E51C5579B200A7D4BC /* MainViewController.xib */,
			);
			path = MainViewController;
			sourceTree = "<group>";
		};
		69ADF5E81C557B1D00A7D4BC /* Libraries */ = {
			isa = PBXGroup;
			children = (
				69C26E411D940A53005CE3ED /* Baggage */,
			);
			path = Libraries;
			sourceTree = "<group>";
		};
		69C26E411D940A53005CE3ED /* Baggage */ = {
			isa = PBXGroup;
			children = (
				69F98A9E1FA65AD60028392A /* Classes */,
				69C26E421D940A53005CE3ED /* Extensions */,
			);
			name = Baggage;
			path = ../../../../Baggage;
			sourceTree = "<group>";
		};
		69C26E421D940A53005CE3ED /* Extensions */ = {
			isa = PBXGroup;
			children = (
				69C26E431D940A53005CE3ED /* String */,
				69C26E451D940A53005CE3ED /* UI */,
			);
			path = Extensions;
			sourceTree = "<group>";
		};
		69C26E431D940A53005CE3ED /* String */ = {
			isa = PBXGroup;
			children = (
				69C26E441D940A53005CE3ED /* StringExtensionClipboard.swift */,
			);
			path = String;
			sourceTree = "<group>";
		};
		69C26E451D940A53005CE3ED /* UI */ = {
			isa = PBXGroup;
			children = (
				69C26E461D940A53005CE3ED /* TextField */,
				69C26E481D940A53005CE3ED /* UITextView */,
			);
			path = UI;
			sourceTree = "<group>";
		};
		69C26E461D940A53005CE3ED /* TextField */ = {
			isa = PBXGroup;
			children = (
				69C26E471D940A53005CE3ED /* UITextFieldExtensionClipboard.swift */,
			);
			path = TextField;
			sourceTree = "<group>";
		};
		69C26E481D940A53005CE3ED /* UITextView */ = {
			isa = PBXGroup;
			children = (
				69C26E491D940A53005CE3ED /* UITextViewExtensionClipboard.swift */,
			);
			path = UITextView;
			sourceTree = "<group>";
		};
		69F98A9E1FA65AD60028392A /* Classes */ = {
			isa = PBXGroup;
			children = (
				69F98A9F1FA65AD60028392A /* Clipboard */,
			);
			path = Classes;
			sourceTree = "<group>";
		};
		69F98A9F1FA65AD60028392A /* Clipboard */ = {
			isa = PBXGroup;
			children = (
				69F98AA01FA65AD60028392A /* Reader */,
				69F98AA21FA65AD60028392A /* Writer */,
			);
			path = Clipboard;
			sourceTree = "<group>";
		};
		69F98AA01FA65AD60028392A /* Reader */ = {
			isa = PBXGroup;
			children = (
				69F98AA11FA65AD60028392A /* StringClipboardReader.swift */,
			);
			path = Reader;
			sourceTree = "<group>";
		};
		69F98AA21FA65AD60028392A /* Writer */ = {
			isa = PBXGroup;
			children = (
				69F98AA31FA65AD60028392A /* ClipboardWriter.swift */,
			);
			path = Writer;
			sourceTree = "<group>";
		};
/* End PBXGroup section */

/* Begin PBXNativeTarget section */
		69ADF5AF1C55793300A7D4BC /* BaggageDemo */ = {
			isa = PBXNativeTarget;
			buildConfigurationList = 69ADF5D81C55793300A7D4BC /* Build configuration list for PBXNativeTarget "BaggageDemo" */;
			buildPhases = (
				69ADF5AC1C55793300A7D4BC /* Sources */,
				69ADF5AD1C55793300A7D4BC /* Frameworks */,
				69ADF5AE1C55793300A7D4BC /* Resources */,
			);
			buildRules = (
			);
			dependencies = (
			);
			name = BaggageDemo;
			productName = BaggageDemo;
			productReference = 69ADF5B01C55793300A7D4BC /* BaggageDemo.app */;
			productType = "com.apple.product-type.application";
		};
/* End PBXNativeTarget section */

/* Begin PBXProject section */
		69ADF5A81C55793300A7D4BC /* Project object */ = {
			isa = PBXProject;
			attributes = {
				LastSwiftUpdateCheck = 0720;
				LastUpgradeCheck = 0800;
				ORGANIZATIONNAME = "Igor Matyushkin";
				TargetAttributes = {
					69ADF5AF1C55793300A7D4BC = {
						CreatedOnToolsVersion = 7.2;
						DevelopmentTeam = AFEG59EG8E;
						LastSwiftMigration = 0800;
					};
				};
			};
			buildConfigurationList = 69ADF5AB1C55793300A7D4BC /* Build configuration list for PBXProject "BaggageDemo" */;
			compatibilityVersion = "Xcode 3.2";
			developmentRegion = English;
			hasScannedForEncodings = 0;
			knownRegions = (
				en,
				Base,
			);
			mainGroup = 69ADF5A71C55793300A7D4BC;
			productRefGroup = 69ADF5B11C55793300A7D4BC /* Products */;
			projectDirPath = "";
			projectRoot = "";
			targets = (
				69ADF5AF1C55793300A7D4BC /* BaggageDemo */,
			);
		};
/* End PBXProject section */

/* Begin PBXResourcesBuildPhase section */
		69ADF5AE1C55793300A7D4BC /* Resources */ = {
			isa = PBXResourcesBuildPhase;
			buildActionMask = 2147483647;
			files = (
				69ADF5BE1C55793300A7D4BC /* LaunchScreen.storyboard in Resources */,
				69ADF5E71C5579B200A7D4BC /* MainViewController.xib in Resources */,
				69ADF5BB1C55793300A7D4BC /* Assets.xcassets in Resources */,
			);
			runOnlyForDeploymentPostprocessing = 0;
		};
/* End PBXResourcesBuildPhase section */

/* Begin PBXSourcesBuildPhase section */
		69ADF5AC1C55793300A7D4BC /* Sources */ = {
			isa = PBXSourcesBuildPhase;
			buildActionMask = 2147483647;
			files = (
				69C26E4A1D940A53005CE3ED /* StringExtensionClipboard.swift in Sources */,
				69C26E4C1D940A53005CE3ED /* UITextViewExtensionClipboard.swift in Sources */,
				69F98AA41FA65AD70028392A /* StringClipboardReader.swift in Sources */,
				69ADF5B41C55793300A7D4BC /* AppDelegate.swift in Sources */,
				69F98AA51FA65AD70028392A /* ClipboardWriter.swift in Sources */,
				69C26E4B1D940A53005CE3ED /* UITextFieldExtensionClipboard.swift in Sources */,
				69ADF5E61C5579B200A7D4BC /* MainViewController.swift in Sources */,
			);
			runOnlyForDeploymentPostprocessing = 0;
		};
/* End PBXSourcesBuildPhase section */

/* Begin PBXVariantGroup section */
		69ADF5BC1C55793300A7D4BC /* LaunchScreen.storyboard */ = {
			isa = PBXVariantGroup;
			children = (
				69ADF5BD1C55793300A7D4BC /* Base */,
			);
			name = LaunchScreen.storyboard;
			sourceTree = "<group>";
		};
/* End PBXVariantGroup section */

/* Begin XCBuildConfiguration section */
		69ADF5D61C55793300A7D4BC /* Debug */ = {
			isa = XCBuildConfiguration;
			buildSettings = {
				ALWAYS_SEARCH_USER_PATHS = NO;
				CLANG_CXX_LANGUAGE_STANDARD = "gnu++0x";
				CLANG_CXX_LIBRARY = "libc++";
				CLANG_ENABLE_MODULES = YES;
				CLANG_ENABLE_OBJC_ARC = YES;
				CLANG_WARN_BOOL_CONVERSION = YES;
				CLANG_WARN_CONSTANT_CONVERSION = YES;
				CLANG_WARN_DIRECT_OBJC_ISA_USAGE = YES_ERROR;
				CLANG_WARN_EMPTY_BODY = YES;
				CLANG_WARN_ENUM_CONVERSION = YES;
				CLANG_WARN_INFINITE_RECURSION = YES;
				CLANG_WARN_INT_CONVERSION = YES;
				CLANG_WARN_OBJC_ROOT_CLASS = YES_ERROR;
				CLANG_WARN_SUSPICIOUS_MOVE = YES;
				CLANG_WARN_UNREACHABLE_CODE = YES;
				CLANG_WARN__DUPLICATE_METHOD_MATCH = YES;
				"CODE_SIGN_IDENTITY[sdk=iphoneos*]" = "iPhone Developer";
				COPY_PHASE_STRIP = NO;
				DEBUG_INFORMATION_FORMAT = dwarf;
				ENABLE_STRICT_OBJC_MSGSEND = YES;
				ENABLE_TESTABILITY = YES;
				GCC_C_LANGUAGE_STANDARD = gnu99;
				GCC_DYNAMIC_NO_PIC = NO;
				GCC_NO_COMMON_BLOCKS = YES;
				GCC_OPTIMIZATION_LEVEL = 0;
				GCC_PREPROCESSOR_DEFINITIONS = (
					"DEBUG=1",
					"$(inherited)",
				);
				GCC_WARN_64_TO_32_BIT_CONVERSION = YES;
				GCC_WARN_ABOUT_RETURN_TYPE = YES_ERROR;
				GCC_WARN_UNDECLARED_SELECTOR = YES;
				GCC_WARN_UNINITIALIZED_AUTOS = YES_AGGRESSIVE;
				GCC_WARN_UNUSED_FUNCTION = YES;
				GCC_WARN_UNUSED_VARIABLE = YES;
				IPHONEOS_DEPLOYMENT_TARGET = 9.2;
				MTL_ENABLE_DEBUG_INFO = YES;
				ONLY_ACTIVE_ARCH = YES;
				SDKROOT = iphoneos;
				SWIFT_OPTIMIZATION_LEVEL = "-Onone";
			};
			name = Debug;
		};
		69ADF5D71C55793300A7D4BC /* Release */ = {
			isa = XCBuildConfiguration;
			buildSettings = {
				ALWAYS_SEARCH_USER_PATHS = NO;
				CLANG_CXX_LANGUAGE_STANDARD = "gnu++0x";
				CLANG_CXX_LIBRARY = "libc++";
				CLANG_ENABLE_MODULES = YES;
				CLANG_ENABLE_OBJC_ARC = YES;
				CLANG_WARN_BOOL_CONVERSION = YES;
				CLANG_WARN_CONSTANT_CONVERSION = YES;
				CLANG_WARN_DIRECT_OBJC_ISA_USAGE = YES_ERROR;
				CLANG_WARN_EMPTY_BODY = YES;
				CLANG_WARN_ENUM_CONVERSION = YES;
				CLANG_WARN_INFINITE_RECURSION = YES;
				CLANG_WARN_INT_CONVERSION = YES;
				CLANG_WARN_OBJC_ROOT_CLASS = YES_ERROR;
				CLANG_WARN_SUSPICIOUS_MOVE = YES;
				CLANG_WARN_UNREACHABLE_CODE = YES;
				CLANG_WARN__DUPLICATE_METHOD_MATCH = YES;
				"CODE_SIGN_IDENTITY[sdk=iphoneos*]" = "iPhone Developer";
				COPY_PHASE_STRIP = NO;
				DEBUG_INFORMATION_FORMAT = "dwarf-with-dsym";
				ENABLE_NS_ASSERTIONS = NO;
				ENABLE_STRICT_OBJC_MSGSEND = YES;
				GCC_C_LANGUAGE_STANDARD = gnu99;
				GCC_NO_COMMON_BLOCKS = YES;
				GCC_WARN_64_TO_32_BIT_CONVERSION = YES;
				GCC_WARN_ABOUT_RETURN_TYPE = YES_ERROR;
				GCC_WARN_UNDECLARED_SELECTOR = YES;
				GCC_WARN_UNINITIALIZED_AUTOS = YES_AGGRESSIVE;
				GCC_WARN_UNUSED_FUNCTION = YES;
				GCC_WARN_UNUSED_VARIABLE = YES;
				IPHONEOS_DEPLOYMENT_TARGET = 9.2;
				MTL_ENABLE_DEBUG_INFO = NO;
				SDKROOT = iphoneos;
				SWIFT_OPTIMIZATION_LEVEL = "-Owholemodule";
				VALIDATE_PRODUCT = YES;
			};
			name = Release;
		};
		69ADF5D91C55793300A7D4BC /* Debug */ = {
			isa = XCBuildConfiguration;
			buildSettings = {
				ASSETCATALOG_COMPILER_APPICON_NAME = AppIcon;
				DEVELOPMENT_TEAM = AFEG59EG8E;
				INFOPLIST_FILE = BaggageDemo/Info.plist;
				IPHONEOS_DEPLOYMENT_TARGET = 9.0;
				LD_RUNPATH_SEARCH_PATHS = "$(inherited) @executable_path/Frameworks";
				PRODUCT_BUNDLE_IDENTIFIER = com.visuality.BaggageDemo;
				PRODUCT_NAME = "$(TARGET_NAME)";
				SWIFT_VERSION = 4.0;
			};
			name = Debug;
		};
		69ADF5DA1C55793300A7D4BC /* Release */ = {
			isa = XCBuildConfiguration;
			buildSettings = {
				ASSETCATALOG_COMPILER_APPICON_NAME = AppIcon;
				DEVELOPMENT_TEAM = AFEG59EG8E;
				INFOPLIST_FILE = BaggageDemo/Info.plist;
				IPHONEOS_DEPLOYMENT_TARGET = 9.0;
				LD_RUNPATH_SEARCH_PATHS = "$(inherited) @executable_path/Frameworks";
				PRODUCT_BUNDLE_IDENTIFIER = com.visuality.BaggageDemo;
				PRODUCT_NAME = "$(TARGET_NAME)";
				SWIFT_VERSION = 4.0;
			};
			name = Release;
		};
/* End XCBuildConfiguration section */

/* Begin XCConfigurationList section */
		69ADF5AB1C55793300A7D4BC /* Build configuration list for PBXProject "BaggageDemo" */ = {
			isa = XCConfigurationList;
			buildConfigurations = (
				69ADF5D61C55793300A7D4BC /* Debug */,
				69ADF5D71C55793300A7D4BC /* Release */,
			);
			defaultConfigurationIsVisible = 0;
			defaultConfigurationName = Release;
		};
		69ADF5D81C55793300A7D4BC /* Build configuration list for PBXNativeTarget "BaggageDemo" */ = {
			isa = XCConfigurationList;
			buildConfigurations = (
				69ADF5D91C55793300A7D4BC /* Debug */,
				69ADF5DA1C55793300A7D4BC /* Release */,
			);
			defaultConfigurationIsVisible = 0;
			defaultConfigurationName = Release;
		};
/* End XCConfigurationList section */
	};
	rootObject = 69ADF5A81C55793300A7D4BC /* Project object */;
}
