// !$*UTF8*$!
{
	archiveVersion = 1;
	classes = {
	};
	objectVersion = 46;
	objects = {

/* Begin PBXBuildFile section */
		69ADF5B41C55793300A7D4BC /* AppDelegate.swift in Sources */ = {isa = PBXBuildFile; fileRef = 69ADF5B31C55793300A7D4BC /* AppDelegate.swift */; };
		69ADF5BB1C55793300A7D4BC /* Assets.xcassets in Resources */ = {isa = PBXBuildFile; fileRef = 69ADF5BA1C55793300A7D4BC /* Assets.xcassets */; };
		69ADF5BE1C55793300A7D4BC /* LaunchScreen.storyboard in Resources */ = {isa = PBXBuildFile; fileRef = 69ADF5BC1C55793300A7D4BC /* LaunchScreen.storyboard */; };
		69ADF5C91C55793300A7D4BC /* BaggageDemoTests.swift in Sources */ = {isa = PBXBuildFile; fileRef = 69ADF5C81C55793300A7D4BC /* BaggageDemoTests.swift */; };
		69ADF5D41C55793300A7D4BC /* BaggageDemoUITests.swift in Sources */ = {isa = PBXBuildFile; fileRef = 69ADF5D31C55793300A7D4BC /* BaggageDemoUITests.swift */; };
		69ADF5E61C5579B200A7D4BC /* MainViewController.swift in Sources */ = {isa = PBXBuildFile; fileRef = 69ADF5E41C5579B200A7D4BC /* MainViewController.swift */; };
		69ADF5E71C5579B200A7D4BC /* MainViewController.xib in Resources */ = {isa = PBXBuildFile; fileRef = 69ADF5E51C5579B200A7D4BC /* MainViewController.xib */; };
		69ADF5ED1C557BD600A7D4BC /* StringExtensionClipboard.swift in Sources */ = {isa = PBXBuildFile; fileRef = 69ADF5EC1C557BD600A7D4BC /* StringExtensionClipboard.swift */; };
		69ADF5F41C557E2300A7D4BC /* UITextFieldExtensionClipboard.swift in Sources */ = {isa = PBXBuildFile; fileRef = 69ADF5F31C557E2300A7D4BC /* UITextFieldExtensionClipboard.swift */; };
		69ADF5F71C5583AF00A7D4BC /* UITextViewExtensionClipboard.swift in Sources */ = {isa = PBXBuildFile; fileRef = 69ADF5F61C5583AF00A7D4BC /* UITextViewExtensionClipboard.swift */; };
/* End PBXBuildFile section */

/* Begin PBXContainerItemProxy section */
		69ADF5C51C55793300A7D4BC /* PBXContainerItemProxy */ = {
			isa = PBXContainerItemProxy;
			containerPortal = 69ADF5A81C55793300A7D4BC /* Project object */;
			proxyType = 1;
			remoteGlobalIDString = 69ADF5AF1C55793300A7D4BC;
			remoteInfo = BaggageDemo;
		};
		69ADF5D01C55793300A7D4BC /* PBXContainerItemProxy */ = {
			isa = PBXContainerItemProxy;
			containerPortal = 69ADF5A81C55793300A7D4BC /* Project object */;
			proxyType = 1;
			remoteGlobalIDString = 69ADF5AF1C55793300A7D4BC;
			remoteInfo = BaggageDemo;
		};
/* End PBXContainerItemProxy section */

/* Begin PBXFileReference section */
		69ADF5B01C55793300A7D4BC /* BaggageDemo.app */ = {isa = PBXFileReference; explicitFileType = wrapper.application; includeInIndex = 0; path = BaggageDemo.app; sourceTree = BUILT_PRODUCTS_DIR; };
		69ADF5B31C55793300A7D4BC /* AppDelegate.swift */ = {isa = PBXFileReference; lastKnownFileType = sourcecode.swift; path = AppDelegate.swift; sourceTree = "<group>"; };
		69ADF5BA1C55793300A7D4BC /* Assets.xcassets */ = {isa = PBXFileReference; lastKnownFileType = folder.assetcatalog; path = Assets.xcassets; sourceTree = "<group>"; };
		69ADF5BD1C55793300A7D4BC /* Base */ = {isa = PBXFileReference; lastKnownFileType = file.storyboard; name = Base; path = Base.lproj/LaunchScreen.storyboard; sourceTree = "<group>"; };
		69ADF5BF1C55793300A7D4BC /* Info.plist */ = {isa = PBXFileReference; lastKnownFileType = text.plist.xml; path = Info.plist; sourceTree = "<group>"; };
		69ADF5C41C55793300A7D4BC /* BaggageDemoTests.xctest */ = {isa = PBXFileReference; explicitFileType = wrapper.cfbundle; includeInIndex = 0; path = BaggageDemoTests.xctest; sourceTree = BUILT_PRODUCTS_DIR; };
		69ADF5C81C55793300A7D4BC /* BaggageDemoTests.swift */ = {isa = PBXFileReference; lastKnownFileType = sourcecode.swift; path = BaggageDemoTests.swift; sourceTree = "<group>"; };
		69ADF5CA1C55793300A7D4BC /* Info.plist */ = {isa = PBXFileReference; lastKnownFileType = text.plist.xml; path = Info.plist; sourceTree = "<group>"; };
		69ADF5CF1C55793300A7D4BC /* BaggageDemoUITests.xctest */ = {isa = PBXFileReference; explicitFileType = wrapper.cfbundle; includeInIndex = 0; path = BaggageDemoUITests.xctest; sourceTree = BUILT_PRODUCTS_DIR; };
		69ADF5D31C55793300A7D4BC /* BaggageDemoUITests.swift */ = {isa = PBXFileReference; lastKnownFileType = sourcecode.swift; path = BaggageDemoUITests.swift; sourceTree = "<group>"; };
		69ADF5D51C55793300A7D4BC /* Info.plist */ = {isa = PBXFileReference; lastKnownFileType = text.plist.xml; path = Info.plist; sourceTree = "<group>"; };
		69ADF5E41C5579B200A7D4BC /* MainViewController.swift */ = {isa = PBXFileReference; fileEncoding = 4; lastKnownFileType = sourcecode.swift; path = MainViewController.swift; sourceTree = "<group>"; };
		69ADF5E51C5579B200A7D4BC /* MainViewController.xib */ = {isa = PBXFileReference; fileEncoding = 4; lastKnownFileType = file.xib; path = MainViewController.xib; sourceTree = "<group>"; };
		69ADF5EC1C557BD600A7D4BC /* StringExtensionClipboard.swift */ = {isa = PBXFileReference; fileEncoding = 4; lastKnownFileType = sourcecode.swift; path = StringExtensionClipboard.swift; sourceTree = "<group>"; };
		69ADF5F31C557E2300A7D4BC /* UITextFieldExtensionClipboard.swift */ = {isa = PBXFileReference; fileEncoding = 4; lastKnownFileType = sourcecode.swift; path = UITextFieldExtensionClipboard.swift; sourceTree = "<group>"; };
		69ADF5F61C5583AF00A7D4BC /* UITextViewExtensionClipboard.swift */ = {isa = PBXFileReference; fileEncoding = 4; lastKnownFileType = sourcecode.swift; path = UITextViewExtensionClipboard.swift; sourceTree = "<group>"; };
/* End PBXFileReference section */

/* Begin PBXFrameworksBuildPhase section */
		69ADF5AD1C55793300A7D4BC /* Frameworks */ = {
			isa = PBXFrameworksBuildPhase;
			buildActionMask = 2147483647;
			files = (
			);
			runOnlyForDeploymentPostprocessing = 0;
		};
		69ADF5C11C55793300A7D4BC /* Frameworks */ = {
			isa = PBXFrameworksBuildPhase;
			buildActionMask = 2147483647;
			files = (
			);
			runOnlyForDeploymentPostprocessing = 0;
		};
		69ADF5CC1C55793300A7D4BC /* Frameworks */ = {
			isa = PBXFrameworksBuildPhase;
			buildActionMask = 2147483647;
			files = (
			);
			runOnlyForDeploymentPostprocessing = 0;
		};
/* End PBXFrameworksBuildPhase section */

/* Begin PBXGroup section */
		69ADF5A71C55793300A7D4BC = {
			isa = PBXGroup;
			children = (
				69ADF5B21C55793300A7D4BC /* BaggageDemo */,
				69ADF5C71C55793300A7D4BC /* BaggageDemoTests */,
				69ADF5D21C55793300A7D4BC /* BaggageDemoUITests */,
				69ADF5B11C55793300A7D4BC /* Products */,
			);
			sourceTree = "<group>";
		};
		69ADF5B11C55793300A7D4BC /* Products */ = {
			isa = PBXGroup;
			children = (
				69ADF5B01C55793300A7D4BC /* BaggageDemo.app */,
				69ADF5C41C55793300A7D4BC /* BaggageDemoTests.xctest */,
				69ADF5CF1C55793300A7D4BC /* BaggageDemoUITests.xctest */,
			);
			name = Products;
			sourceTree = "<group>";
		};
		69ADF5B21C55793300A7D4BC /* BaggageDemo */ = {
			isa = PBXGroup;
			children = (
				69ADF5E11C5579A800A7D4BC /* Flows */,
				69ADF5E81C557B1D00A7D4BC /* Libraries */,
				69ADF5B31C55793300A7D4BC /* AppDelegate.swift */,
				69ADF5BA1C55793300A7D4BC /* Assets.xcassets */,
				69ADF5BC1C55793300A7D4BC /* LaunchScreen.storyboard */,
				69ADF5BF1C55793300A7D4BC /* Info.plist */,
			);
			path = BaggageDemo;
			sourceTree = "<group>";
		};
		69ADF5C71C55793300A7D4BC /* BaggageDemoTests */ = {
			isa = PBXGroup;
			children = (
				69ADF5C81C55793300A7D4BC /* BaggageDemoTests.swift */,
				69ADF5CA1C55793300A7D4BC /* Info.plist */,
			);
			path = BaggageDemoTests;
			sourceTree = "<group>";
		};
		69ADF5D21C55793300A7D4BC /* BaggageDemoUITests */ = {
			isa = PBXGroup;
			children = (
				69ADF5D31C55793300A7D4BC /* BaggageDemoUITests.swift */,
				69ADF5D51C55793300A7D4BC /* Info.plist */,
			);
			path = BaggageDemoUITests;
			sourceTree = "<group>";
		};
		69ADF5E11C5579A800A7D4BC /* Flows */ = {
			isa = PBXGroup;
			children = (
				69ADF5E21C5579A800A7D4BC /* Main */,
			);
			path = Flows;
			sourceTree = "<group>";
		};
		69ADF5E21C5579A800A7D4BC /* Main */ = {
			isa = PBXGroup;
			children = (
				69ADF5E31C5579A800A7D4BC /* MainViewController */,
			);
			path = Main;
			sourceTree = "<group>";
		};
		69ADF5E31C5579A800A7D4BC /* MainViewController */ = {
			isa = PBXGroup;
			children = (
				69ADF5E41C5579B200A7D4BC /* MainViewController.swift */,
				69ADF5E51C5579B200A7D4BC /* MainViewController.xib */,
			);
			path = MainViewController;
			sourceTree = "<group>";
		};
		69ADF5E81C557B1D00A7D4BC /* Libraries */ = {
			isa = PBXGroup;
			children = (
				69ADF5E91C557B2E00A7D4BC /* Baggage */,
			);
			path = Libraries;
			sourceTree = "<group>";
		};
		69ADF5E91C557B2E00A7D4BC /* Baggage */ = {
			isa = PBXGroup;
			children = (
				69ADF5EA1C557BC200A7D4BC /* Extensions */,
			);
			name = Baggage;
			path = ../../../../Source;
			sourceTree = "<group>";
		};
		69ADF5EA1C557BC200A7D4BC /* Extensions */ = {
			isa = PBXGroup;
			children = (
				69ADF5EB1C557BCB00A7D4BC /* String */,
				69ADF5F11C557E0900A7D4BC /* UI */,
			);
			path = Extensions;
			sourceTree = "<group>";
		};
		69ADF5EB1C557BCB00A7D4BC /* String */ = {
			isa = PBXGroup;
			children = (
				69ADF5EC1C557BD600A7D4BC /* StringExtensionClipboard.swift */,
			);
			path = String;
			sourceTree = "<group>";
		};
		69ADF5F11C557E0900A7D4BC /* UI */ = {
			isa = PBXGroup;
			children = (
				69ADF5F21C557E0900A7D4BC /* TextField */,
				69ADF5F51C55839800A7D4BC /* UITextView */,
			);
			path = UI;
			sourceTree = "<group>";
		};
		69ADF5F21C557E0900A7D4BC /* TextField */ = {
			isa = PBXGroup;
			children = (
				69ADF5F31C557E2300A7D4BC /* UITextFieldExtensionClipboard.swift */,
			);
			path = TextField;
			sourceTree = "<group>";
		};
		69ADF5F51C55839800A7D4BC /* UITextView */ = {
			isa = PBXGroup;
			children = (
				69ADF5F61C5583AF00A7D4BC /* UITextViewExtensionClipboard.swift */,
			);
			path = UITextView;
			sourceTree = "<group>";
		};
/* End PBXGroup section */

/* Begin PBXNativeTarget section */
		69ADF5AF1C55793300A7D4BC /* BaggageDemo */ = {
			isa = PBXNativeTarget;
			buildConfigurationList = 69ADF5D81C55793300A7D4BC /* Build configuration list for PBXNativeTarget "BaggageDemo" */;
			buildPhases = (
				69ADF5AC1C55793300A7D4BC /* Sources */,
				69ADF5AD1C55793300A7D4BC /* Frameworks */,
				69ADF5AE1C55793300A7D4BC /* Resources */,
			);
			buildRules = (
			);
			dependencies = (
			);
			name = BaggageDemo;
			productName = BaggageDemo;
			productReference = 69ADF5B01C55793300A7D4BC /* BaggageDemo.app */;
			productType = "com.apple.product-type.application";
		};
		69ADF5C31C55793300A7D4BC /* BaggageDemoTests */ = {
			isa = PBXNativeTarget;
			buildConfigurationList = 69ADF5DB1C55793300A7D4BC /* Build configuration list for PBXNativeTarget "BaggageDemoTests" */;
			buildPhases = (
				69ADF5C01C55793300A7D4BC /* Sources */,
				69ADF5C11C55793300A7D4BC /* Frameworks */,
				69ADF5C21C55793300A7D4BC /* Resources */,
			);
			buildRules = (
			);
			dependencies = (
				69ADF5C61C55793300A7D4BC /* PBXTargetDependency */,
			);
			name = BaggageDemoTests;
			productName = BaggageDemoTests;
			productReference = 69ADF5C41C55793300A7D4BC /* BaggageDemoTests.xctest */;
			productType = "com.apple.product-type.bundle.unit-test";
		};
		69ADF5CE1C55793300A7D4BC /* BaggageDemoUITests */ = {
			isa = PBXNativeTarget;
			buildConfigurationList = 69ADF5DE1C55793300A7D4BC /* Build configuration list for PBXNativeTarget "BaggageDemoUITests" */;
			buildPhases = (
				69ADF5CB1C55793300A7D4BC /* Sources */,
				69ADF5CC1C55793300A7D4BC /* Frameworks */,
				69ADF5CD1C55793300A7D4BC /* Resources */,
			);
			buildRules = (
			);
			dependencies = (
				69ADF5D11C55793300A7D4BC /* PBXTargetDependency */,
			);
			name = BaggageDemoUITests;
			productName = BaggageDemoUITests;
			productReference = 69ADF5CF1C55793300A7D4BC /* BaggageDemoUITests.xctest */;
			productType = "com.apple.product-type.bundle.ui-testing";
		};
/* End PBXNativeTarget section */

/* Begin PBXProject section */
		69ADF5A81C55793300A7D4BC /* Project object */ = {
			isa = PBXProject;
			attributes = {
				LastSwiftUpdateCheck = 0720;
				LastUpgradeCheck = 0720;
				ORGANIZATIONNAME = "Igor Matyushkin";
				TargetAttributes = {
					69ADF5AF1C55793300A7D4BC = {
						CreatedOnToolsVersion = 7.2;
					};
					69ADF5C31C55793300A7D4BC = {
						CreatedOnToolsVersion = 7.2;
						TestTargetID = 69ADF5AF1C55793300A7D4BC;
					};
					69ADF5CE1C55793300A7D4BC = {
						CreatedOnToolsVersion = 7.2;
						TestTargetID = 69ADF5AF1C55793300A7D4BC;
					};
				};
			};
			buildConfigurationList = 69ADF5AB1C55793300A7D4BC /* Build configuration list for PBXProject "BaggageDemo" */;
			compatibilityVersion = "Xcode 3.2";
			developmentRegion = English;
			hasScannedForEncodings = 0;
			knownRegions = (
				en,
				Base,
			);
			mainGroup = 69ADF5A71C55793300A7D4BC;
			productRefGroup = 69ADF5B11C55793300A7D4BC /* Products */;
			projectDirPath = "";
			projectRoot = "";
			targets = (
				69ADF5AF1C55793300A7D4BC /* BaggageDemo */,
				69ADF5C31C55793300A7D4BC /* BaggageDemoTests */,
				69ADF5CE1C55793300A7D4BC /* BaggageDemoUITests */,
			);
		};
/* End PBXProject section */

/* Begin PBXResourcesBuildPhase section */
		69ADF5AE1C55793300A7D4BC /* Resources */ = {
			isa = PBXResourcesBuildPhase;
			buildActionMask = 2147483647;
			files = (
				69ADF5BE1C55793300A7D4BC /* LaunchScreen.storyboard in Resources */,
				69ADF5E71C5579B200A7D4BC /* MainViewController.xib in Resources */,
				69ADF5BB1C55793300A7D4BC /* Assets.xcassets in Resources */,
			);
			runOnlyForDeploymentPostprocessing = 0;
		};
		69ADF5C21C55793300A7D4BC /* Resources */ = {
			isa = PBXResourcesBuildPhase;
			buildActionMask = 2147483647;
			files = (
			);
			runOnlyForDeploymentPostprocessing = 0;
		};
		69ADF5CD1C55793300A7D4BC /* Resources */ = {
			isa = PBXResourcesBuildPhase;
			buildActionMask = 2147483647;
			files = (
			);
			runOnlyForDeploymentPostprocessing = 0;
		};
/* End PBXResourcesBuildPhase section */

/* Begin PBXSourcesBuildPhase section */
		69ADF5AC1C55793300A7D4BC /* Sources */ = {
			isa = PBXSourcesBuildPhase;
			buildActionMask = 2147483647;
			files = (
				69ADF5F41C557E2300A7D4BC /* UITextFieldExtensionClipboard.swift in Sources */,
				69ADF5F71C5583AF00A7D4BC /* UITextViewExtensionClipboard.swift in Sources */,
				69ADF5ED1C557BD600A7D4BC /* StringExtensionClipboard.swift in Sources */,
				69ADF5B41C55793300A7D4BC /* AppDelegate.swift in Sources */,
				69ADF5E61C5579B200A7D4BC /* MainViewController.swift in Sources */,
			);
			runOnlyForDeploymentPostprocessing = 0;
		};
		69ADF5C01C55793300A7D4BC /* Sources */ = {
			isa = PBXSourcesBuildPhase;
			buildActionMask = 2147483647;
			files = (
				69ADF5C91C55793300A7D4BC /* BaggageDemoTests.swift in Sources */,
			);
			runOnlyForDeploymentPostprocessing = 0;
		};
		69ADF5CB1C55793300A7D4BC /* Sources */ = {
			isa = PBXSourcesBuildPhase;
			buildActionMask = 2147483647;
			files = (
				69ADF5D41C55793300A7D4BC /* BaggageDemoUITests.swift in Sources */,
			);
			runOnlyForDeploymentPostprocessing = 0;
		};
/* End PBXSourcesBuildPhase section */

/* Begin PBXTargetDependency section */
		69ADF5C61C55793300A7D4BC /* PBXTargetDependency */ = {
			isa = PBXTargetDependency;
			target = 69ADF5AF1C55793300A7D4BC /* BaggageDemo */;
			targetProxy = 69ADF5C51C55793300A7D4BC /* PBXContainerItemProxy */;
		};
		69ADF5D11C55793300A7D4BC /* PBXTargetDependency */ = {
			isa = PBXTargetDependency;
			target = 69ADF5AF1C55793300A7D4BC /* BaggageDemo */;
			targetProxy = 69ADF5D01C55793300A7D4BC /* PBXContainerItemProxy */;
		};
/* End PBXTargetDependency section */

/* Begin PBXVariantGroup section */
		69ADF5BC1C55793300A7D4BC /* LaunchScreen.storyboard */ = {
			isa = PBXVariantGroup;
			children = (
				69ADF5BD1C55793300A7D4BC /* Base */,
			);
			name = LaunchScreen.storyboard;
			sourceTree = "<group>";
		};
/* End PBXVariantGroup section */

/* Begin XCBuildConfiguration section */
		69ADF5D61C55793300A7D4BC /* Debug */ = {
			isa = XCBuildConfiguration;
			buildSettings = {
				ALWAYS_SEARCH_USER_PATHS = NO;
				CLANG_CXX_LANGUAGE_STANDARD = "gnu++0x";
				CLANG_CXX_LIBRARY = "libc++";
				CLANG_ENABLE_MODULES = YES;
				CLANG_ENABLE_OBJC_ARC = YES;
				CLANG_WARN_BOOL_CONVERSION = YES;
				CLANG_WARN_CONSTANT_CONVERSION = YES;
				CLANG_WARN_DIRECT_OBJC_ISA_USAGE = YES_ERROR;
				CLANG_WARN_EMPTY_BODY = YES;
				CLANG_WARN_ENUM_CONVERSION = YES;
				CLANG_WARN_INT_CONVERSION = YES;
				CLANG_WARN_OBJC_ROOT_CLASS = YES_ERROR;
				CLANG_WARN_UNREACHABLE_CODE = YES;
				CLANG_WARN__DUPLICATE_METHOD_MATCH = YES;
				"CODE_SIGN_IDENTITY[sdk=iphoneos*]" = "iPhone Developer";
				COPY_PHASE_STRIP = NO;
				DEBUG_INFORMATION_FORMAT = dwarf;
				ENABLE_STRICT_OBJC_MSGSEND = YES;
				ENABLE_TESTABILITY = YES;
				GCC_C_LANGUAGE_STANDARD = gnu99;
				GCC_DYNAMIC_NO_PIC = NO;
				GCC_NO_COMMON_BLOCKS = YES;
				GCC_OPTIMIZATION_LEVEL = 0;
				GCC_PREPROCESSOR_DEFINITIONS = (
					"DEBUG=1",
					"$(inherited)",
				);
				GCC_WARN_64_TO_32_BIT_CONVERSION = YES;
				GCC_WARN_ABOUT_RETURN_TYPE = YES_ERROR;
				GCC_WARN_UNDECLARED_SELECTOR = YES;
				GCC_WARN_UNINITIALIZED_AUTOS = YES_AGGRESSIVE;
				GCC_WARN_UNUSED_FUNCTION = YES;
				GCC_WARN_UNUSED_VARIABLE = YES;
				IPHONEOS_DEPLOYMENT_TARGET = 9.2;
				MTL_ENABLE_DEBUG_INFO = YES;
				ONLY_ACTIVE_ARCH = YES;
				SDKROOT = iphoneos;
				SWIFT_OPTIMIZATION_LEVEL = "-Onone";
			};
			name = Debug;
		};
		69ADF5D71C55793300A7D4BC /* Release */ = {
			isa = XCBuildConfiguration;
			buildSettings = {
				ALWAYS_SEARCH_USER_PATHS = NO;
				CLANG_CXX_LANGUAGE_STANDARD = "gnu++0x";
				CLANG_CXX_LIBRARY = "libc++";
				CLANG_ENABLE_MODULES = YES;
				CLANG_ENABLE_OBJC_ARC = YES;
				CLANG_WARN_BOOL_CONVERSION = YES;
				CLANG_WARN_CONSTANT_CONVERSION = YES;
				CLANG_WARN_DIRECT_OBJC_ISA_USAGE = YES_ERROR;
				CLANG_WARN_EMPTY_BODY = YES;
				CLANG_WARN_ENUM_CONVERSION = YES;
				CLANG_WARN_INT_CONVERSION = YES;
				CLANG_WARN_OBJC_ROOT_CLASS = YES_ERROR;
				CLANG_WARN_UNREACHABLE_CODE = YES;
				CLANG_WARN__DUPLICATE_METHOD_MATCH = YES;
				"CODE_SIGN_IDENTITY[sdk=iphoneos*]" = "iPhone Developer";
				COPY_PHASE_STRIP = NO;
				DEBUG_INFORMATION_FORMAT = "dwarf-with-dsym";
				ENABLE_NS_ASSERTIONS = NO;
				ENABLE_STRICT_OBJC_MSGSEND = YES;
				GCC_C_LANGUAGE_STANDARD = gnu99;
				GCC_NO_COMMON_BLOCKS = YES;
				GCC_WARN_64_TO_32_BIT_CONVERSION = YES;
				GCC_WARN_ABOUT_RETURN_TYPE = YES_ERROR;
				GCC_WARN_UNDECLARED_SELECTOR = YES;
				GCC_WARN_UNINITIALIZED_AUTOS = YES_AGGRESSIVE;
				GCC_WARN_UNUSED_FUNCTION = YES;
				GCC_WARN_UNUSED_VARIABLE = YES;
				IPHONEOS_DEPLOYMENT_TARGET = 9.2;
				MTL_ENABLE_DEBUG_INFO = NO;
				SDKROOT = iphoneos;
				VALIDATE_PRODUCT = YES;
			};
			name = Release;
		};
		69ADF5D91C55793300A7D4BC /* Debug */ = {
			isa = XCBuildConfiguration;
			buildSettings = {
				ASSETCATALOG_COMPILER_APPICON_NAME = AppIcon;
				INFOPLIST_FILE = BaggageDemo/Info.plist;
				IPHONEOS_DEPLOYMENT_TARGET = 8.0;
				LD_RUNPATH_SEARCH_PATHS = "$(inherited) @executable_path/Frameworks";
				PRODUCT_BUNDLE_IDENTIFIER = com.visuality.BaggageDemo;
				PRODUCT_NAME = "$(TARGET_NAME)";
			};
			name = Debug;
		};
		69ADF5DA1C55793300A7D4BC /* Release */ = {
			isa = XCBuildConfiguration;
			buildSettings = {
				ASSETCATALOG_COMPILER_APPICON_NAME = AppIcon;
				INFOPLIST_FILE = BaggageDemo/Info.plist;
				IPHONEOS_DEPLOYMENT_TARGET = 8.0;
				LD_RUNPATH_SEARCH_PATHS = "$(inherited) @executable_path/Frameworks";
				PRODUCT_BUNDLE_IDENTIFIER = com.visuality.BaggageDemo;
				PRODUCT_NAME = "$(TARGET_NAME)";
			};
			name = Release;
		};
		69ADF5DC1C55793300A7D4BC /* Debug */ = {
			isa = XCBuildConfiguration;
			buildSettings = {
				BUNDLE_LOADER = "$(TEST_HOST)";
				INFOPLIST_FILE = BaggageDemoTests/Info.plist;
				LD_RUNPATH_SEARCH_PATHS = "$(inherited) @executable_path/Frameworks @loader_path/Frameworks";
				PRODUCT_BUNDLE_IDENTIFIER = com.visuality.BaggageDemoTests;
				PRODUCT_NAME = "$(TARGET_NAME)";
				TEST_HOST = "$(BUILT_PRODUCTS_DIR)/BaggageDemo.app/BaggageDemo";
			};
			name = Debug;
		};
		69ADF5DD1C55793300A7D4BC /* Release */ = {
			isa = XCBuildConfiguration;
			buildSettings = {
				BUNDLE_LOADER = "$(TEST_HOST)";
				INFOPLIST_FILE = BaggageDemoTests/Info.plist;
				LD_RUNPATH_SEARCH_PATHS = "$(inherited) @executable_path/Frameworks @loader_path/Frameworks";
				PRODUCT_BUNDLE_IDENTIFIER = com.visuality.BaggageDemoTests;
				PRODUCT_NAME = "$(TARGET_NAME)";
				TEST_HOST = "$(BUILT_PRODUCTS_DIR)/BaggageDemo.app/BaggageDemo";
			};
			name = Release;
		};
		69ADF5DF1C55793300A7D4BC /* Debug */ = {
			isa = XCBuildConfiguration;
			buildSettings = {
				INFOPLIST_FILE = BaggageDemoUITests/Info.plist;
				LD_RUNPATH_SEARCH_PATHS = "$(inherited) @executable_path/Frameworks @loader_path/Frameworks";
				PRODUCT_BUNDLE_IDENTIFIER = com.visuality.BaggageDemoUITests;
				PRODUCT_NAME = "$(TARGET_NAME)";
				TEST_TARGET_NAME = BaggageDemo;
				USES_XCTRUNNER = YES;
			};
			name = Debug;
		};
		69ADF5E01C55793300A7D4BC /* Release */ = {
			isa = XCBuildConfiguration;
			buildSettings = {
				INFOPLIST_FILE = BaggageDemoUITests/Info.plist;
				LD_RUNPATH_SEARCH_PATHS = "$(inherited) @executable_path/Frameworks @loader_path/Frameworks";
				PRODUCT_BUNDLE_IDENTIFIER = com.visuality.BaggageDemoUITests;
				PRODUCT_NAME = "$(TARGET_NAME)";
				TEST_TARGET_NAME = BaggageDemo;
				USES_XCTRUNNER = YES;
			};
			name = Release;
		};
/* End XCBuildConfiguration section */

/* Begin XCConfigurationList section */
		69ADF5AB1C55793300A7D4BC /* Build configuration list for PBXProject "BaggageDemo" */ = {
			isa = XCConfigurationList;
			buildConfigurations = (
				69ADF5D61C55793300A7D4BC /* Debug */,
				69ADF5D71C55793300A7D4BC /* Release */,
			);
			defaultConfigurationIsVisible = 0;
			defaultConfigurationName = Release;
		};
		69ADF5D81C55793300A7D4BC /* Build configuration list for PBXNativeTarget "BaggageDemo" */ = {
			isa = XCConfigurationList;
			buildConfigurations = (
				69ADF5D91C55793300A7D4BC /* Debug */,
				69ADF5DA1C55793300A7D4BC /* Release */,
			);
			defaultConfigurationIsVisible = 0;
		};
		69ADF5DB1C55793300A7D4BC /* Build configuration list for PBXNativeTarget "BaggageDemoTests" */ = {
			isa = XCConfigurationList;
			buildConfigurations = (
				69ADF5DC1C55793300A7D4BC /* Debug */,
				69ADF5DD1C55793300A7D4BC /* Release */,
			);
			defaultConfigurationIsVisible = 0;
		};
		69ADF5DE1C55793300A7D4BC /* Build configuration list for PBXNativeTarget "BaggageDemoUITests" */ = {
			isa = XCConfigurationList;
			buildConfigurations = (
				69ADF5DF1C55793300A7D4BC /* Debug */,
				69ADF5E01C55793300A7D4BC /* Release */,
			);
			defaultConfigurationIsVisible = 0;
		};
/* End XCConfigurationList section */
	};
	rootObject = 69ADF5A81C55793300A7D4BC /* Project object */;
}
